
Microsoft Visual Studio Solution File, Format Version 12.00
# Visual Studio Version 17
VisualStudioVersion = 17.2.32630.192
MinimumVisualStudioVersion = 10.0.40219.1
Project("{9A19103F-16F7-4668-BE54-9A1E7A4F7556}") = "R5T.E0064.W001", "R5T.E0064.W001\R5T.E0064.W001.csproj", "{CBB3777D-C12D-4309-BDE6-BD61827D35BA}"
EndProject
Project("{2150E333-8FDC-42A3-9474-1A3956D46DE8}") = "_Dependencies", "_Dependencies", "{C9454B82-2D10-4865-99DE-DEE1189ED125}"
EndProject
Project("{9A19103F-16F7-4668-BE54-9A1E7A4F7556}") = "R5T.F0079", "..\..\R5T.F0079\source\R5T.F0079\R5T.F0079.csproj", "{CBB39707-2B25-4AA0-9600-9A93BEB2DF2D}"
EndProject
Project("{9A19103F-16F7-4668-BE54-9A1E7A4F7556}") = "R5T.F0000", "..\..\R5T.F0000\source\R5T.F0000\R5T.F0000.csproj", "{6B6418BA-AD5E-46CB-91AC-76C452C9BFEA}"
EndProject
Project("{9A19103F-16F7-4668-BE54-9A1E7A4F7556}") = "R5T.NG0009", "..\..\R5T.NG0009\source\R5T.NG0009\R5T.NG0009.csproj", "{3AAEE7DF-4FED-4E33-A3F3-077DB3B456E0}"
EndProject
Project("{9A19103F-16F7-4668-BE54-9A1E7A4F7556}") = "R5T.T0131", "..\..\R5T.T0131\source\R5T.T0131\R5T.T0131.csproj", "{4002BF01-DAED-4D74-96C6-C0F51FF7A112}"
EndProject
Project("{9A19103F-16F7-4668-BE54-9A1E7A4F7556}") = "R5T.T0132", "..\..\R5T.T0132\source\R5T.T0132\R5T.T0132.csproj", "{4F8ACC6A-48A2-41BE-AF4C-D9AFFB696028}"
EndProject
Project("{9A19103F-16F7-4668-BE54-9A1E7A4F7556}") = "R5T.T0142", "..\..\R5T.T0142\source\R5T.T0142\R5T.T0142.csproj", "{5EDF860E-B44A-4925-8CB6-B3DB59179DDA}"
EndProject
Project("{9A19103F-16F7-4668-BE54-9A1E7A4F7556}") = "R5T.T0143", "..\..\R5T.T0143\source\R5T.T0143\R5T.T0143.csproj", "{87CF29DC-930C-4803-A127-BE1606978949}"
EndProject
Project("{9A19103F-16F7-4668-BE54-9A1E7A4F7556}") = "R5T.Y0000", "..\..\R5T.Y0000\source\R5T.Y0000\R5T.Y0000.csproj", "{27653C72-F1B5-4CA0-8F01-EAED44B2B5EF}"
EndProject
Project("{9A19103F-16F7-4668-BE54-9A1E7A4F7556}") = "R5T.Z0000", "..\..\R5T.Z0000\source\R5T.Z0000\R5T.Z0000.csproj", "{7DCD7053-8CD5-4EFE-82B6-42454F767D10}"
EndProject
Project("{9A19103F-16F7-4668-BE54-9A1E7A4F7556}") = "R5T.T0064", "..\..\R5T.T0064\source\R5T.T0064\R5T.T0064.csproj", "{EE1E9CA1-C244-45BD-A1C7-B43433399A82}"
EndProject
Global
	GlobalSection(SolutionConfigurationPlatforms) = preSolution
		Debug|Any CPU = Debug|Any CPU
		Release|Any CPU = Release|Any CPU
	EndGlobalSection
	GlobalSection(ProjectConfigurationPlatforms) = postSolution
		{CBB3777D-C12D-4309-BDE6-BD61827D35BA}.Debug|Any CPU.ActiveCfg = Debug|Any CPU
		{CBB3777D-C12D-4309-BDE6-BD61827D35BA}.Debug|Any CPU.Build.0 = Debug|Any CPU
		{CBB3777D-C12D-4309-BDE6-BD61827D35BA}.Release|Any CPU.ActiveCfg = Release|Any CPU
		{CBB3777D-C12D-4309-BDE6-BD61827D35BA}.Release|Any CPU.Build.0 = Release|Any CPU
		{CBB39707-2B25-4AA0-9600-9A93BEB2DF2D}.Debug|Any CPU.ActiveCfg = Debug|Any CPU
		{CBB39707-2B25-4AA0-9600-9A93BEB2DF2D}.Debug|Any CPU.Build.0 = Debug|Any CPU
		{CBB39707-2B25-4AA0-9600-9A93BEB2DF2D}.Release|Any CPU.ActiveCfg = Release|Any CPU
		{CBB39707-2B25-4AA0-9600-9A93BEB2DF2D}.Release|Any CPU.Build.0 = Release|Any CPU
		{6B6418BA-AD5E-46CB-91AC-76C452C9BFEA}.Debug|Any CPU.ActiveCfg = Debug|Any CPU
		{6B6418BA-AD5E-46CB-91AC-76C452C9BFEA}.Debug|Any CPU.Build.0 = Debug|Any CPU
		{6B6418BA-AD5E-46CB-91AC-76C452C9BFEA}.Release|Any CPU.ActiveCfg = Release|Any CPU
		{6B6418BA-AD5E-46CB-91AC-76C452C9BFEA}.Release|Any CPU.Build.0 = Release|Any CPU
		{3AAEE7DF-4FED-4E33-A3F3-077DB3B456E0}.Debug|Any CPU.ActiveCfg = Debug|Any CPU
		{3AAEE7DF-4FED-4E33-A3F3-077DB3B456E0}.Debug|Any CPU.Build.0 = Debug|Any CPU
		{3AAEE7DF-4FED-4E33-A3F3-077DB3B456E0}.Release|Any CPU.ActiveCfg = Release|Any CPU
		{3AAEE7DF-4FED-4E33-A3F3-077DB3B456E0}.Release|Any CPU.Build.0 = Release|Any CPU
		{4002BF01-DAED-4D74-96C6-C0F51FF7A112}.Debug|Any CPU.ActiveCfg = Debug|Any CPU
		{4002BF01-DAED-4D74-96C6-C0F51FF7A112}.Debug|Any CPU.Build.0 = Debug|Any CPU
		{4002BF01-DAED-4D74-96C6-C0F51FF7A112}.Release|Any CPU.ActiveCfg = Release|Any CPU
		{4002BF01-DAED-4D74-96C6-C0F51FF7A112}.Release|Any CPU.Build.0 = Release|Any CPU
		{4F8ACC6A-48A2-41BE-AF4C-D9AFFB696028}.Debug|Any CPU.ActiveCfg = Debug|Any CPU
		{4F8ACC6A-48A2-41BE-AF4C-D9AFFB696028}.Debug|Any CPU.Build.0 = Debug|Any CPU
		{4F8ACC6A-48A2-41BE-AF4C-D9AFFB696028}.Release|Any CPU.ActiveCfg = Release|Any CPU
		{4F8ACC6A-48A2-41BE-AF4C-D9AFFB696028}.Release|Any CPU.Build.0 = Release|Any CPU
		{5EDF860E-B44A-4925-8CB6-B3DB59179DDA}.Debug|Any CPU.ActiveCfg = Debug|Any CPU
		{5EDF860E-B44A-4925-8CB6-B3DB59179DDA}.Debug|Any CPU.Build.0 = Debug|Any CPU
		{5EDF860E-B44A-4925-8CB6-B3DB59179DDA}.Release|Any CPU.ActiveCfg = Release|Any CPU
		{5EDF860E-B44A-4925-8CB6-B3DB59179DDA}.Release|Any CPU.Build.0 = Release|Any CPU
		{87CF29DC-930C-4803-A127-BE1606978949}.Debug|Any CPU.ActiveCfg = Debug|Any CPU
		{87CF29DC-930C-4803-A127-BE1606978949}.Debug|Any CPU.Build.0 = Debug|Any CPU
		{87CF29DC-930C-4803-A127-BE1606978949}.Release|Any CPU.ActiveCfg = Release|Any CPU
		{87CF29DC-930C-4803-A127-BE1606978949}.Release|Any CPU.Build.0 = Release|Any CPU
		{27653C72-F1B5-4CA0-8F01-EAED44B2B5EF}.Debug|Any CPU.ActiveCfg = Debug|Any CPU
		{27653C72-F1B5-4CA0-8F01-EAED44B2B5EF}.Debug|Any CPU.Build.0 = Debug|Any CPU
		{27653C72-F1B5-4CA0-8F01-EAED44B2B5EF}.Release|Any CPU.ActiveCfg = Release|Any CPU
		{27653C72-F1B5-4CA0-8F01-EAED44B2B5EF}.Release|Any CPU.Build.0 = Release|Any CPU
		{7DCD7053-8CD5-4EFE-82B6-42454F767D10}.Debug|Any CPU.ActiveCfg = Debug|Any CPU
		{7DCD7053-8CD5-4EFE-82B6-42454F767D10}.Debug|Any CPU.Build.0 = Debug|Any CPU
		{7DCD7053-8CD5-4EFE-82B6-42454F767D10}.Release|Any CPU.ActiveCfg = Release|Any CPU
		{7DCD7053-8CD5-4EFE-82B6-42454F767D10}.Release|Any CPU.Build.0 = Release|Any CPU
		{EE1E9CA1-C244-45BD-A1C7-B43433399A82}.Debug|Any CPU.ActiveCfg = Debug|Any CPU
		{EE1E9CA1-C244-45BD-A1C7-B43433399A82}.Debug|Any CPU.Build.0 = Debug|Any CPU
		{EE1E9CA1-C244-45BD-A1C7-B43433399A82}.Release|Any CPU.ActiveCfg = Release|Any CPU
		{EE1E9CA1-C244-45BD-A1C7-B43433399A82}.Release|Any CPU.Build.0 = Release|Any CPU
	EndGlobalSection
	GlobalSection(SolutionProperties) = preSolution
		HideSolutionNode = FALSE
	EndGlobalSection
	GlobalSection(NestedProjects) = preSolution
		{CBB39707-2B25-4AA0-9600-9A93BEB2DF2D} = {C9454B82-2D10-4865-99DE-DEE1189ED125}
		{6B6418BA-AD5E-46CB-91AC-76C452C9BFEA} = {C9454B82-2D10-4865-99DE-DEE1189ED125}
		{3AAEE7DF-4FED-4E33-A3F3-077DB3B456E0} = {C9454B82-2D10-4865-99DE-DEE1189ED125}
		{4002BF01-DAED-4D74-96C6-C0F51FF7A112} = {C9454B82-2D10-4865-99DE-DEE1189ED125}
		{4F8ACC6A-48A2-41BE-AF4C-D9AFFB696028} = {C9454B82-2D10-4865-99DE-DEE1189ED125}
		{5EDF860E-B44A-4925-8CB6-B3DB59179DDA} = {C9454B82-2D10-4865-99DE-DEE1189ED125}
		{87CF29DC-930C-4803-A127-BE1606978949} = {C9454B82-2D10-4865-99DE-DEE1189ED125}
		{27653C72-F1B5-4CA0-8F01-EAED44B2B5EF} = {C9454B82-2D10-4865-99DE-DEE1189ED125}
		{7DCD7053-8CD5-4EFE-82B6-42454F767D10} = {C9454B82-2D10-4865-99DE-DEE1189ED125}
		{EE1E9CA1-C244-45BD-A1C7-B43433399A82} = {C9454B82-2D10-4865-99DE-DEE1189ED125}
	EndGlobalSection
	GlobalSection(ExtensibilityGlobals) = postSolution
		SolutionGuid = {D3B2AF61-7EA8-4C1D-9606-3FBE1ADA91DE}
	EndGlobalSection
EndGlobal
